{
  "name": "@yaakapp/cli",
  "version": "0.0.38",
  "lockfileVersion": 3,
  "requires": true,
  "packages": {
    "": {
      "name": "@yaakapp/cli",
      "version": "0.0.38",
      "hasInstallScript": true,
      "bin": {
        "yaakcli": "bin/cli.js"
      },
      "optionalDependencies": {
        "@yaakapp/cli-darwin-arm64": "0.0.38",
        "@yaakapp/cli-darwin-x64": "0.0.38",
        "@yaakapp/cli-linux-x64": "0.0.38",
        "@yaakapp/cli-win32-x64": "0.0.38"
      }
    },
    "node_modules/@yaakapp/cli-darwin-arm64": {
      "version": "0.0.38",
      "resolved": "https://registry.npmjs.org/@yaakapp/cli-darwin-arm64/-/cli-darwin-arm64-0.0.38.tgz",
      "integrity": "sha512-iGXPVkIq6bhQYP336vRz5LaYuwLXiBaaW1s6DYV14moJsiZr8XQ/6EWxhABryHDriNHCdkHUQkrY9bk+xeBCAQ==",
      "optional": true,
      "os": [
        "darwin"
      ]
    },
    "node_modules/@yaakapp/cli-darwin-x64": {
      "version": "0.0.38",
      "resolved": "https://registry.npmjs.org/@yaakapp/cli-darwin-x64/-/cli-darwin-x64-0.0.38.tgz",
      "integrity": "sha512-ahxpMD1f7M5/cLJvY51lGBinL+76DTYi281D2lfLwKLGw42gLHRt3Xscq5Y89cccUMK3Jfr/vnuqR4HOtHdjvw==",
      "optional": true,
      "os": [
        "darwin"
      ]
    },
    "node_modules/@yaakapp/cli-linux-x64": {
      "version": "0.0.38",
      "resolved": "https://registry.npmjs.org/@yaakapp/cli-linux-x64/-/cli-linux-x64-0.0.38.tgz",
      "integrity": "sha512-qH9e2qqpdBy7JgwbomExLNfzfNIQ9aO+ibC2HD/HLwbf2IvLDubE0A9rzS/4DSUoheW5eV3z0D0oD7/7TJfO9w==",
      "optional": true,
      "os": [
        "linux"
      ]
    },
    "node_modules/@yaakapp/cli-win32-x64": {
      "version": "0.0.38",
      "resolved": "https://registry.npmjs.org/@yaakapp/cli-win32-x64/-/cli-win32-x64-0.0.38.tgz",
      "integrity": "sha512-8s4aNzjfWNwNWDqyJHMw6l5rKhYGVb/n7cD/oTHvHxeIBh4lDeuYo2XCsc0RecJGSz9YpQtJBXzXVA3pJo9R4A==",
      "optional": true,
      "os": [
        "win32"
      ]
    }
  }
}
